
Microsoft Visual Studio Solution File, Format Version 12.00
# Visual Studio Version 16
VisualStudioVersion = 16.0.31321.278
MinimumVisualStudioVersion = 10.0.40219.1
Project("{FAE04EC0-301F-11D3-BF4B-00C04F79EFBC}") = "SimpleCounter.Blazor", "SimpleCounter.Blazor\SimpleCounter.Blazor.csproj", "{DFB8A343-FAA9-4644-B2DB-60D4ED32A494}"
EndProject
Global
	GlobalSection(SolutionConfigurationPlatforms) = preSolution
		Debug|Any CPU = Debug|Any CPU
		Release|Any CPU = Release|Any CPU
	EndGlobalSection
	GlobalSection(ProjectConfigurationPlatforms) = postSolution
		{DFB8A343-FAA9-4644-B2DB-60D4ED32A494}.Debug|Any CPU.ActiveCfg = Debug|Any CPU
		{DFB8A343-FAA9-4644-B2DB-60D4ED32A494}.Debug|Any CPU.Build.0 = Debug|Any CPU
		{DFB8A343-FAA9-4644-B2DB-60D4ED32A494}.Release|Any CPU.ActiveCfg = Release|Any CPU
		{DFB8A343-FAA9-4644-B2DB-60D4ED32A494}.Release|Any CPU.Build.0 = Release|Any CPU
	EndGlobalSection
	GlobalSection(SolutionProperties) = preSolution
		HideSolutionNode = FALSE
	EndGlobalSection
	GlobalSection(ExtensibilityGlobals) = postSolution
		SolutionGuid = {AC965204-456C-4F55-B371-29667D9755B7}
	EndGlobalSection
EndGlobal
